
Microsoft Visual Studio Solution File, Format Version 12.00
# Visual Studio Version 17
VisualStudioVersion = 17.0.32112.339
MinimumVisualStudioVersion = 10.0.40219.1
Project("{2150E333-8FDC-42A3-9474-1A3956D46DE8}") = "Catalog", "Catalog", "{80704B9B-C04B-4D59-8D60-4180510ADF14}"
EndProject
Project("{FAE04EC0-301F-11D3-BF4B-00C04F79EFBC}") = "Catalog.API", "Services\Catalog\Catalog.API\Catalog.API.csproj", "{2D3C1EA5-7B9F-43C1-90CB-F49586C3E717}"
EndProject
Global
	GlobalSection(SolutionConfigurationPlatforms) = preSolution
		Debug|Any CPU = Debug|Any CPU
		Release|Any CPU = Release|Any CPU
	EndGlobalSection
	GlobalSection(ProjectConfigurationPlatforms) = postSolution
		{2D3C1EA5-7B9F-43C1-90CB-F49586C3E717}.Debug|Any CPU.ActiveCfg = Debug|Any CPU
		{2D3C1EA5-7B9F-43C1-90CB-F49586C3E717}.Debug|Any CPU.Build.0 = Debug|Any CPU
		{2D3C1EA5-7B9F-43C1-90CB-F49586C3E717}.Release|Any CPU.ActiveCfg = Release|Any CPU
		{2D3C1EA5-7B9F-43C1-90CB-F49586C3E717}.Release|Any CPU.Build.0 = Release|Any CPU
	EndGlobalSection
	GlobalSection(SolutionProperties) = preSolution
		HideSolutionNode = FALSE
	EndGlobalSection
	GlobalSection(NestedProjects) = preSolution
		{2D3C1EA5-7B9F-43C1-90CB-F49586C3E717} = {80704B9B-C04B-4D59-8D60-4180510ADF14}
	EndGlobalSection
	GlobalSection(ExtensibilityGlobals) = postSolution
		SolutionGuid = {9317C97D-7117-4ABD-9FFE-A9213EA817F9}
	EndGlobalSection
EndGlobal
